
Microsoft Visual Studio Solution File, Format Version 12.00
# Visual Studio 15
VisualStudioVersion = 15.0.27703.2047
MinimumVisualStudioVersion = 10.0.40219.1
Project("{FAE04EC0-301F-11D3-BF4B-00C04F79EFBC}") = "CarInsurance", "CarInsurance\CarInsurance.csproj", "{C2D28F69-A14E-4A6B-9C99-971400D86E31}"
EndProject
Global
	GlobalSection(SolutionConfigurationPlatforms) = preSolution
		Debug|Any CPU = Debug|Any CPU
		Release|Any CPU = Release|Any CPU
	EndGlobalSection
	GlobalSection(ProjectConfigurationPlatforms) = postSolution
		{C2D28F69-A14E-4A6B-9C99-971400D86E31}.Debug|Any CPU.ActiveCfg = Debug|Any CPU
		{C2D28F69-A14E-4A6B-9C99-971400D86E31}.Debug|Any CPU.Build.0 = Debug|Any CPU
		{C2D28F69-A14E-4A6B-9C99-971400D86E31}.Release|Any CPU.ActiveCfg = Release|Any CPU
		{C2D28F69-A14E-4A6B-9C99-971400D86E31}.Release|Any CPU.Build.0 = Release|Any CPU
	EndGlobalSection
	GlobalSection(SolutionProperties) = preSolution
		HideSolutionNode = FALSE
	EndGlobalSection
	GlobalSection(ExtensibilityGlobals) = postSolution
		SolutionGuid = {5FEB3E7D-CF11-401F-AF67-5E4F263C2AC7}
	EndGlobalSection
EndGlobal
